{
  "name": "e_com",
  "version": "0.1.0",
  "lockfileVersion": 1,
  "requires": true,
  "dependencies": {
    "error-stack-parser": {
      "version": "2.0.4",
      "resolved": "https://registry.npmjs.org/error-stack-parser/-/error-stack-parser-2.0.4.tgz",
      "integrity": "sha512-fZ0KkoxSjLFmhW5lHbUT3tLwy3nX1qEzMYo8koY1vrsAco53CMT1djnBSeC/wUjTEZRhZl9iRw7PaMaxfJ4wzQ==",
      "dev": true,
      "requires": {
        "stackframe": "1.1.0"
      }
    },
    "reactotron-core-client": {
      "version": "2.8.8",
      "resolved": "https://registry.npmjs.org/reactotron-core-client/-/reactotron-core-client-2.8.8.tgz",
      "integrity": "sha512-FCXudNw5zCcV6waXCubGGxypVS2EKZMRwJ89rd6GCsgFENbJhGizcPyjmv6aBatHFIQcLhUD7XShZJEqWs7E4A==",
      "dev": true
    },
    "reactotron-react-js": {
      "version": "3.3.6",
      "resolved": "https://registry.npmjs.org/reactotron-react-js/-/reactotron-react-js-3.3.6.tgz",
      "integrity": "sha512-TfxPcTcMmJ9RItPncGiW12JwTihGuzVnzfs3bTfGZQdQOoRdwfgmsEy34zmBYOCUHhFcptdC5R8mnWA0kTZXqA==",
      "dev": true,
      "requires": {
        "reactotron-core-client": "2.8.8",
        "stacktrace-js": "2.0.1"
      }
    },
    "source-map": {
      "version": "0.5.6",
      "resolved": "https://registry.npmjs.org/source-map/-/source-map-0.5.6.tgz",
      "integrity": "sha1-dc449SvwczxafwwRjYEzSiu19BI=",
      "dev": true
    },
    "stack-generator": {
      "version": "2.0.4",
      "resolved": "https://registry.npmjs.org/stack-generator/-/stack-generator-2.0.4.tgz",
      "integrity": "sha512-ha1gosTNcgxwzo9uKTQ8zZ49aUp5FIUW58YHFxCqaAHtE0XqBg0chGFYA1MfmW//x1KWq3F4G7Ug7bJh4RiRtg==",
      "dev": true,
      "requires": {
        "stackframe": "1.1.0"
      }
    },
    "stackframe": {
      "version": "1.1.0",
      "resolved": "https://registry.npmjs.org/stackframe/-/stackframe-1.1.0.tgz",
      "integrity": "sha512-Vx6W1Yvy+AM1R/ckVwcHQHV147pTPBKWCRLrXMuPrFVfvBUc3os7PR1QLIWCMhPpRg5eX9ojzbQIMLGBwyLjqg==",
      "dev": true
    },
    "stacktrace-gps": {
      "version": "3.0.3",
      "resolved": "https://registry.npmjs.org/stacktrace-gps/-/stacktrace-gps-3.0.3.tgz",
      "integrity": "sha512-51Rr7dXkyFUKNmhY/vqZWK+EvdsfFSRiQVtgHTFlAdNIYaDD7bVh21yBHXaNWAvTD+w+QSjxHg7/v6Tz4veExA==",
      "dev": true,
      "requires": {
        "source-map": "0.5.6",
        "stackframe": "1.1.0"
      }
    },
    "stacktrace-js": {
      "version": "2.0.1",
      "resolved": "https://registry.npmjs.org/stacktrace-js/-/stacktrace-js-2.0.1.tgz",
      "integrity": "sha512-13oDNgBSeWtdGa4/2BycNyKqe+VktCoJ8VLx4pDoJkwGGJVtiHdfMOAj3aW9xTi8oR2v34z9IcvfCvT6XNdNAw==",
      "dev": true,
      "requires": {
        "error-stack-parser": "2.0.4",
        "stack-generator": "2.0.4",
        "stacktrace-gps": "3.0.3"
      }
    }
  }
}
